
Microsoft Visual Studio Solution File, Format Version 12.00
# Visual Studio 15
VisualStudioVersion = 15.0.27703.2026
MinimumVisualStudioVersion = 10.0.40219.1
Project("{8BC9CEB8-8B4A-11D0-8D11-00A0C91BC942}") = "AdaptiveLidar", "AdaptiveLidar\AdaptiveLidar.vcxproj", "{89DE6B75-997D-4EEB-A282-B0A4FD61BDCF}"
EndProject
Global
	GlobalSection(SolutionConfigurationPlatforms) = preSolution
		Debug|x64 = Debug|x64
		Debug|x86 = Debug|x86
		Release|x64 = Release|x64
		Release|x86 = Release|x86
	EndGlobalSection
	GlobalSection(ProjectConfigurationPlatforms) = postSolution
		{89DE6B75-997D-4EEB-A282-B0A4FD61BDCF}.Debug|x64.ActiveCfg = Debug|x64
		{89DE6B75-997D-4EEB-A282-B0A4FD61BDCF}.Debug|x64.Build.0 = Debug|x64
		{89DE6B75-997D-4EEB-A282-B0A4FD61BDCF}.Debug|x86.ActiveCfg = Debug|Win32
		{89DE6B75-997D-4EEB-A282-B0A4FD61BDCF}.Debug|x86.Build.0 = Debug|Win32
		{89DE6B75-997D-4EEB-A282-B0A4FD61BDCF}.Release|x64.ActiveCfg = Release|x64
		{89DE6B75-997D-4EEB-A282-B0A4FD61BDCF}.Release|x64.Build.0 = Release|x64
		{89DE6B75-997D-4EEB-A282-B0A4FD61BDCF}.Release|x86.ActiveCfg = Release|Win32
		{89DE6B75-997D-4EEB-A282-B0A4FD61BDCF}.Release|x86.Build.0 = Release|Win32
	EndGlobalSection
	GlobalSection(SolutionProperties) = preSolution
		HideSolutionNode = FALSE
	EndGlobalSection
	GlobalSection(ExtensibilityGlobals) = postSolution
		SolutionGuid = {B844F53E-A4EB-45F3-9042-478FA388FE63}
	EndGlobalSection
EndGlobal
